
Microsoft Visual Studio Solution File, Format Version 12.00
# Visual Studio 15
VisualStudioVersion = 15.0.28010.2026
MinimumVisualStudioVersion = 10.0.40219.1
Project("{9A19103F-16F7-4668-BE54-9A1E7A4F7556}") = "StationMonitor", "StationMonitor\StationMonitor.csproj", "{60EBD84E-7DB2-4C80-BB61-DCD27926D92B}"
EndProject
Project("{FAE04EC0-301F-11D3-BF4B-00C04F79EFBC}") = "SmApp", "SmApp\SmApp.csproj", "{4F8225D4-6D92-4274-B97E-27E0891C09E8}"
EndProject
Project("{FAE04EC0-301F-11D3-BF4B-00C04F79EFBC}") = "StationInterface", "StationInterface\StationInterface.csproj", "{14E1B189-1679-4792-BA75-26338536B26E}"
EndProject
Global
	GlobalSection(SolutionConfigurationPlatforms) = preSolution
		Debug|Any CPU = Debug|Any CPU
		Release|Any CPU = Release|Any CPU
	EndGlobalSection
	GlobalSection(ProjectConfigurationPlatforms) = postSolution
		{60EBD84E-7DB2-4C80-BB61-DCD27926D92B}.Debug|Any CPU.ActiveCfg = Debug|Any CPU
		{60EBD84E-7DB2-4C80-BB61-DCD27926D92B}.Debug|Any CPU.Build.0 = Debug|Any CPU
		{60EBD84E-7DB2-4C80-BB61-DCD27926D92B}.Release|Any CPU.ActiveCfg = Release|Any CPU
		{60EBD84E-7DB2-4C80-BB61-DCD27926D92B}.Release|Any CPU.Build.0 = Release|Any CPU
		{4F8225D4-6D92-4274-B97E-27E0891C09E8}.Debug|Any CPU.ActiveCfg = Debug|Any CPU
		{4F8225D4-6D92-4274-B97E-27E0891C09E8}.Debug|Any CPU.Build.0 = Debug|Any CPU
		{4F8225D4-6D92-4274-B97E-27E0891C09E8}.Release|Any CPU.ActiveCfg = Release|Any CPU
		{4F8225D4-6D92-4274-B97E-27E0891C09E8}.Release|Any CPU.Build.0 = Release|Any CPU
		{14E1B189-1679-4792-BA75-26338536B26E}.Debug|Any CPU.ActiveCfg = Debug|Any CPU
		{14E1B189-1679-4792-BA75-26338536B26E}.Debug|Any CPU.Build.0 = Debug|Any CPU
		{14E1B189-1679-4792-BA75-26338536B26E}.Release|Any CPU.ActiveCfg = Release|Any CPU
		{14E1B189-1679-4792-BA75-26338536B26E}.Release|Any CPU.Build.0 = Release|Any CPU
	EndGlobalSection
	GlobalSection(SolutionProperties) = preSolution
		HideSolutionNode = FALSE
	EndGlobalSection
	GlobalSection(ExtensibilityGlobals) = postSolution
		SolutionGuid = {D583D2FC-F238-4B70-AB70-D7479965789D}
	EndGlobalSection
EndGlobal
